// !$*UTF8*$!
{
	archiveVersion = 1;
	classes = {
	};
	objectVersion = 50;
	objects = {

/* Begin PBXBuildFile section */
		0BEAAB92227B2B44006C9642 /* main.swift in Sources */ = {isa = PBXBuildFile; fileRef = 0BEAAB91227B2B44006C9642 /* main.swift */; };
		0BEAAB99227B2C51006C9642 /* Gladiador.swift in Sources */ = {isa = PBXBuildFile; fileRef = 0BEAAB98227B2C51006C9642 /* Gladiador.swift */; };
		0BEAAB9B227B2CED006C9642 /* Treinador.swift in Sources */ = {isa = PBXBuildFile; fileRef = 0BEAAB9A227B2CED006C9642 /* Treinador.swift */; };
		0BEAAB9D227B2DE1006C9642 /* Temporada.swift in Sources */ = {isa = PBXBuildFile; fileRef = 0BEAAB9C227B2DE1006C9642 /* Temporada.swift */; };
		0BEAAB9F227B36A1006C9642 /* Vendedor.swift in Sources */ = {isa = PBXBuildFile; fileRef = 0BEAAB9E227B36A1006C9642 /* Vendedor.swift */; };
		0BEAABA1227B37C0006C9642 /* ProdutoVendido.swift in Sources */ = {isa = PBXBuildFile; fileRef = 0BEAABA0227B37C0006C9642 /* ProdutoVendido.swift */; };
		0BEAABA3227B3887006C9642 /* VenderProduto.swift in Sources */ = {isa = PBXBuildFile; fileRef = 0BEAABA2227B3887006C9642 /* VenderProduto.swift */; };
		0BEFEF612280ED30007C5404 /* Colisseu.swift in Sources */ = {isa = PBXBuildFile; fileRef = 0BEFEF602280ED30007C5404 /* Colisseu.swift */; };
/* End PBXBuildFile section */

/* Begin PBXCopyFilesBuildPhase section */
		0BEAAB8C227B2B44006C9642 /* CopyFiles */ = {
			isa = PBXCopyFilesBuildPhase;
			buildActionMask = 2147483647;
			dstPath = /usr/share/man/man1/;
			dstSubfolderSpec = 0;
			files = (
			);
			runOnlyForDeploymentPostprocessing = 1;
		};
/* End PBXCopyFilesBuildPhase section */

/* Begin PBXFileReference section */
		0BEAAB8E227B2B44006C9642 /* Desafio iOS 01 - Coliseu - Marcussi */ = {isa = PBXFileReference; explicitFileType = "compiled.mach-o.executable"; includeInIndex = 0; path = "Desafio iOS 01 - Coliseu - Marcussi"; sourceTree = BUILT_PRODUCTS_DIR; };
		0BEAAB91227B2B44006C9642 /* main.swift */ = {isa = PBXFileReference; lastKnownFileType = sourcecode.swift; path = main.swift; sourceTree = "<group>"; };
		0BEAAB98227B2C51006C9642 /* Gladiador.swift */ = {isa = PBXFileReference; lastKnownFileType = sourcecode.swift; path = Gladiador.swift; sourceTree = "<group>"; };
		0BEAAB9A227B2CED006C9642 /* Treinador.swift */ = {isa = PBXFileReference; lastKnownFileType = sourcecode.swift; path = Treinador.swift; sourceTree = "<group>"; };
		0BEAAB9C227B2DE1006C9642 /* Temporada.swift */ = {isa = PBXFileReference; lastKnownFileType = sourcecode.swift; path = Temporada.swift; sourceTree = "<group>"; };
		0BEAAB9E227B36A1006C9642 /* Vendedor.swift */ = {isa = PBXFileReference; lastKnownFileType = sourcecode.swift; path = Vendedor.swift; sourceTree = "<group>"; };
		0BEAABA0227B37C0006C9642 /* ProdutoVendido.swift */ = {isa = PBXFileReference; lastKnownFileType = sourcecode.swift; path = ProdutoVendido.swift; sourceTree = "<group>"; };
		0BEAABA2227B3887006C9642 /* VenderProduto.swift */ = {isa = PBXFileReference; lastKnownFileType = sourcecode.swift; path = VenderProduto.swift; sourceTree = "<group>"; };
		0BEFEF602280ED30007C5404 /* Colisseu.swift */ = {isa = PBXFileReference; lastKnownFileType = sourcecode.swift; path = Colisseu.swift; sourceTree = "<group>"; };
/* End PBXFileReference section */

/* Begin PBXFrameworksBuildPhase section */
		0BEAAB8B227B2B44006C9642 /* Frameworks */ = {
			isa = PBXFrameworksBuildPhase;
			buildActionMask = 2147483647;
			files = (
			);
			runOnlyForDeploymentPostprocessing = 0;
		};
/* End PBXFrameworksBuildPhase section */

/* Begin PBXGroup section */
		0BEAAB85227B2B44006C9642 = {
			isa = PBXGroup;
			children = (
				0BEAAB90227B2B44006C9642 /* Desafio iOS 01 - Coliseu - Marcussi */,
				0BEAAB8F227B2B44006C9642 /* Products */,
			);
			sourceTree = "<group>";
		};
		0BEAAB8F227B2B44006C9642 /* Products */ = {
			isa = PBXGroup;
			children = (
				0BEAAB8E227B2B44006C9642 /* Desafio iOS 01 - Coliseu - Marcussi */,
			);
			name = Products;
			sourceTree = "<group>";
		};
		0BEAAB90227B2B44006C9642 /* Desafio iOS 01 - Coliseu - Marcussi */ = {
			isa = PBXGroup;
			children = (
				0BEAAB98227B2C51006C9642 /* Gladiador.swift */,
				0BEAAB9A227B2CED006C9642 /* Treinador.swift */,
				0BEAAB9C227B2DE1006C9642 /* Temporada.swift */,
				0BEAAB9E227B36A1006C9642 /* Vendedor.swift */,
				0BEAABA2227B3887006C9642 /* VenderProduto.swift */,
				0BEAABA0227B37C0006C9642 /* ProdutoVendido.swift */,
				0BEFEF602280ED30007C5404 /* Colisseu.swift */,
				0BEAAB91227B2B44006C9642 /* main.swift */,
			);
			path = "Desafio iOS 01 - Coliseu - Marcussi";
			sourceTree = "<group>";
		};
/* End PBXGroup section */

/* Begin PBXNativeTarget section */
		0BEAAB8D227B2B44006C9642 /* Desafio iOS 01 - Coliseu - Marcussi */ = {
			isa = PBXNativeTarget;
			buildConfigurationList = 0BEAAB95227B2B44006C9642 /* Build configuration list for PBXNativeTarget "Desafio iOS 01 - Coliseu - Marcussi" */;
			buildPhases = (
				0BEAAB8A227B2B44006C9642 /* Sources */,
				0BEAAB8B227B2B44006C9642 /* Frameworks */,
				0BEAAB8C227B2B44006C9642 /* CopyFiles */,
			);
			buildRules = (
			);
			dependencies = (
			);
			name = "Desafio iOS 01 - Coliseu - Marcussi";
			productName = "Desafio iOS 01 - Coliseu - Marcussi";
			productReference = 0BEAAB8E227B2B44006C9642 /* Desafio iOS 01 - Coliseu - Marcussi */;
			productType = "com.apple.product-type.tool";
		};
/* End PBXNativeTarget section */

/* Begin PBXProject section */
		0BEAAB86227B2B44006C9642 /* Project object */ = {
			isa = PBXProject;
			attributes = {
				LastSwiftUpdateCheck = 1020;
				LastUpgradeCheck = 1020;
				ORGANIZATIONNAME = "Wanderley Marcussi";
				TargetAttributes = {
					0BEAAB8D227B2B44006C9642 = {
						CreatedOnToolsVersion = 10.2.1;
					};
				};
			};
			buildConfigurationList = 0BEAAB89227B2B44006C9642 /* Build configuration list for PBXProject "Desafio iOS 01 - Coliseu - Marcussi" */;
			compatibilityVersion = "Xcode 9.3";
			developmentRegion = en;
			hasScannedForEncodings = 0;
			knownRegions = (
				en,
			);
			mainGroup = 0BEAAB85227B2B44006C9642;
			productRefGroup = 0BEAAB8F227B2B44006C9642 /* Products */;
			projectDirPath = "";
			projectRoot = "";
			targets = (
				0BEAAB8D227B2B44006C9642 /* Desafio iOS 01 - Coliseu - Marcussi */,
			);
		};
/* End PBXProject section */

/* Begin PBXSourcesBuildPhase section */
		0BEAAB8A227B2B44006C9642 /* Sources */ = {
			isa = PBXSourcesBuildPhase;
			buildActionMask = 2147483647;
			files = (
				0BEAAB9F227B36A1006C9642 /* Vendedor.swift in Sources */,
				0BEAAB99227B2C51006C9642 /* Gladiador.swift in Sources */,
				0BEAAB92227B2B44006C9642 /* main.swift in Sources */,
				0BEAAB9D227B2DE1006C9642 /* Temporada.swift in Sources */,
				0BEAAB9B227B2CED006C9642 /* Treinador.swift in Sources */,
				0BEAABA1227B37C0006C9642 /* ProdutoVendido.swift in Sources */,
				0BEAABA3227B3887006C9642 /* VenderProduto.swift in Sources */,
				0BEFEF612280ED30007C5404 /* Colisseu.swift in Sources */,
			);
			runOnlyForDeploymentPostprocessing = 0;
		};
/* End PBXSourcesBuildPhase section */

/* Begin XCBuildConfiguration section */
		0BEAAB93227B2B44006C9642 /* Debug */ = {
			isa = XCBuildConfiguration;
			buildSettings = {
				ALWAYS_SEARCH_USER_PATHS = NO;
				CLANG_ANALYZER_NONNULL = YES;
				CLANG_ANALYZER_NUMBER_OBJECT_CONVERSION = YES_AGGRESSIVE;
				CLANG_CXX_LANGUAGE_STANDARD = "gnu++14";
				CLANG_CXX_LIBRARY = "libc++";
				CLANG_ENABLE_MODULES = YES;
				CLANG_ENABLE_OBJC_ARC = YES;
				CLANG_ENABLE_OBJC_WEAK = YES;
				CLANG_WARN_BLOCK_CAPTURE_AUTORELEASING = YES;
				CLANG_WARN_BOOL_CONVERSION = YES;
				CLANG_WARN_COMMA = YES;
				CLANG_WARN_CONSTANT_CONVERSION = YES;
				CLANG_WARN_DEPRECATED_OBJC_IMPLEMENTATIONS = YES;
				CLANG_WARN_DIRECT_OBJC_ISA_USAGE = YES_ERROR;
				CLANG_WARN_DOCUMENTATION_COMMENTS = YES;
				CLANG_WARN_EMPTY_BODY = YES;
				CLANG_WARN_ENUM_CONVERSION = YES;
				CLANG_WARN_INFINITE_RECURSION = YES;
				CLANG_WARN_INT_CONVERSION = YES;
				CLANG_WARN_NON_LITERAL_NULL_CONVERSION = YES;
				CLANG_WARN_OBJC_IMPLICIT_RETAIN_SELF = YES;
				CLANG_WARN_OBJC_LITERAL_CONVERSION = YES;
				CLANG_WARN_OBJC_ROOT_CLASS = YES_ERROR;
				CLANG_WARN_RANGE_LOOP_ANALYSIS = YES;
				CLANG_WARN_STRICT_PROTOTYPES = YES;
				CLANG_WARN_SUSPICIOUS_MOVE = YES;
				CLANG_WARN_UNGUARDED_AVAILABILITY = YES_AGGRESSIVE;
				CLANG_WARN_UNREACHABLE_CODE = YES;
				CLANG_WARN__DUPLICATE_METHOD_MATCH = YES;
				CODE_SIGN_IDENTITY = "-";
				COPY_PHASE_STRIP = NO;
				DEBUG_INFORMATION_FORMAT = dwarf;
				ENABLE_STRICT_OBJC_MSGSEND = YES;
				ENABLE_TESTABILITY = YES;
				GCC_C_LANGUAGE_STANDARD = gnu11;
				GCC_DYNAMIC_NO_PIC = NO;
				GCC_NO_COMMON_BLOCKS = YES;
				GCC_OPTIMIZATION_LEVEL = 0;
				GCC_PREPROCESSOR_DEFINITIONS = (
					"DEBUG=1",
					"$(inherited)",
				);
				GCC_WARN_64_TO_32_BIT_CONVERSION = YES;
				GCC_WARN_ABOUT_RETURN_TYPE = YES_ERROR;
				GCC_WARN_UNDECLARED_SELECTOR = YES;
				GCC_WARN_UNINITIALIZED_AUTOS = YES_AGGRESSIVE;
				GCC_WARN_UNUSED_FUNCTION = YES;
				GCC_WARN_UNUSED_VARIABLE = YES;
				MACOSX_DEPLOYMENT_TARGET = 10.14;
				MTL_ENABLE_DEBUG_INFO = INCLUDE_SOURCE;
				MTL_FAST_MATH = YES;
				ONLY_ACTIVE_ARCH = YES;
				SDKROOT = macosx;
				SWIFT_ACTIVE_COMPILATION_CONDITIONS = DEBUG;
				SWIFT_OPTIMIZATION_LEVEL = "-Onone";
			};
			name = Debug;
		};
		0BEAAB94227B2B44006C9642 /* Release */ = {
			isa = XCBuildConfiguration;
			buildSettings = {
				ALWAYS_SEARCH_USER_PATHS = NO;
				CLANG_ANALYZER_NONNULL = YES;
				CLANG_ANALYZER_NUMBER_OBJECT_CONVERSION = YES_AGGRESSIVE;
				CLANG_CXX_LANGUAGE_STANDARD = "gnu++14";
				CLANG_CXX_LIBRARY = "libc++";
				CLANG_ENABLE_MODULES = YES;
				CLANG_ENABLE_OBJC_ARC = YES;
				CLANG_ENABLE_OBJC_WEAK = YES;
				CLANG_WARN_BLOCK_CAPTURE_AUTORELEASING = YES;
				CLANG_WARN_BOOL_CONVERSION = YES;
				CLANG_WARN_COMMA = YES;
				CLANG_WARN_CONSTANT_CONVERSION = YES;
				CLANG_WARN_DEPRECATED_OBJC_IMPLEMENTATIONS = YES;
				CLANG_WARN_DIRECT_OBJC_ISA_USAGE = YES_ERROR;
				CLANG_WARN_DOCUMENTATION_COMMENTS = YES;
				CLANG_WARN_EMPTY_BODY = YES;
				CLANG_WARN_ENUM_CONVERSION = YES;
				CLANG_WARN_INFINITE_RECURSION = YES;
				CLANG_WARN_INT_CONVERSION = YES;
				CLANG_WARN_NON_LITERAL_NULL_CONVERSION = YES;
				CLANG_WARN_OBJC_IMPLICIT_RETAIN_SELF = YES;
				CLANG_WARN_OBJC_LITERAL_CONVERSION = YES;
				CLANG_WARN_OBJC_ROOT_CLASS = YES_ERROR;
				CLANG_WARN_RANGE_LOOP_ANALYSIS = YES;
				CLANG_WARN_STRICT_PROTOTYPES = YES;
				CLANG_WARN_SUSPICIOUS_MOVE = YES;
				CLANG_WARN_UNGUARDED_AVAILABILITY = YES_AGGRESSIVE;
				CLANG_WARN_UNREACHABLE_CODE = YES;
				CLANG_WARN__DUPLICATE_METHOD_MATCH = YES;
				CODE_SIGN_IDENTITY = "-";
				COPY_PHASE_STRIP = NO;
				DEBUG_INFORMATION_FORMAT = "dwarf-with-dsym";
				ENABLE_NS_ASSERTIONS = NO;
				ENABLE_STRICT_OBJC_MSGSEND = YES;
				GCC_C_LANGUAGE_STANDARD = gnu11;
				GCC_NO_COMMON_BLOCKS = YES;
				GCC_WARN_64_TO_32_BIT_CONVERSION = YES;
				GCC_WARN_ABOUT_RETURN_TYPE = YES_ERROR;
				GCC_WARN_UNDECLARED_SELECTOR = YES;
				GCC_WARN_UNINITIALIZED_AUTOS = YES_AGGRESSIVE;
				GCC_WARN_UNUSED_FUNCTION = YES;
				GCC_WARN_UNUSED_VARIABLE = YES;
				MACOSX_DEPLOYMENT_TARGET = 10.14;
				MTL_ENABLE_DEBUG_INFO = NO;
				MTL_FAST_MATH = YES;
				SDKROOT = macosx;
				SWIFT_COMPILATION_MODE = wholemodule;
				SWIFT_OPTIMIZATION_LEVEL = "-O";
			};
			name = Release;
		};
		0BEAAB96227B2B44006C9642 /* Debug */ = {
			isa = XCBuildConfiguration;
			buildSettings = {
				CODE_SIGN_STYLE = Automatic;
				PRODUCT_NAME = "$(TARGET_NAME)";
				SWIFT_VERSION = 5.0;
			};
			name = Debug;
		};
		0BEAAB97227B2B44006C9642 /* Release */ = {
			isa = XCBuildConfiguration;
			buildSettings = {
				CODE_SIGN_STYLE = Automatic;
				PRODUCT_NAME = "$(TARGET_NAME)";
				SWIFT_VERSION = 5.0;
			};
			name = Release;
		};
/* End XCBuildConfiguration section */

/* Begin XCConfigurationList section */
		0BEAAB89227B2B44006C9642 /* Build configuration list for PBXProject "Desafio iOS 01 - Coliseu - Marcussi" */ = {
			isa = XCConfigurationList;
			buildConfigurations = (
				0BEAAB93227B2B44006C9642 /* Debug */,
				0BEAAB94227B2B44006C9642 /* Release */,
			);
			defaultConfigurationIsVisible = 0;
			defaultConfigurationName = Release;
		};
		0BEAAB95227B2B44006C9642 /* Build configuration list for PBXNativeTarget "Desafio iOS 01 - Coliseu - Marcussi" */ = {
			isa = XCConfigurationList;
			buildConfigurations = (
				0BEAAB96227B2B44006C9642 /* Debug */,
				0BEAAB97227B2B44006C9642 /* Release */,
			);
			defaultConfigurationIsVisible = 0;
			defaultConfigurationName = Release;
		};
/* End XCConfigurationList section */
	};
	rootObject = 0BEAAB86227B2B44006C9642 /* Project object */;
}
